
Microsoft Visual Studio Solution File, Format Version 12.00
# Visual Studio 15
VisualStudioVersion = 15.0.28307.1082
MinimumVisualStudioVersion = 10.0.40219.1
Project("{8BC9CEB8-8B4A-11D0-8D11-00A0C91BC942}") = "Tema_Map_Reduce", "Tema_Map_Reduce\Tema_Map_Reduce.vcxproj", "{4136965C-3CD8-4DE6-978B-62385509146C}"
EndProject
Global
	GlobalSection(SolutionConfigurationPlatforms) = preSolution
		Debug|x64 = Debug|x64
		Debug|x86 = Debug|x86
		Release|x64 = Release|x64
		Release|x86 = Release|x86
	EndGlobalSection
	GlobalSection(ProjectConfigurationPlatforms) = postSolution
		{4136965C-3CD8-4DE6-978B-62385509146C}.Debug|x64.ActiveCfg = Debug|x64
		{4136965C-3CD8-4DE6-978B-62385509146C}.Debug|x64.Build.0 = Debug|x64
		{4136965C-3CD8-4DE6-978B-62385509146C}.Debug|x86.ActiveCfg = Debug|Win32
		{4136965C-3CD8-4DE6-978B-62385509146C}.Debug|x86.Build.0 = Debug|Win32
		{4136965C-3CD8-4DE6-978B-62385509146C}.Release|x64.ActiveCfg = Release|x64
		{4136965C-3CD8-4DE6-978B-62385509146C}.Release|x64.Build.0 = Release|x64
		{4136965C-3CD8-4DE6-978B-62385509146C}.Release|x86.ActiveCfg = Release|Win32
		{4136965C-3CD8-4DE6-978B-62385509146C}.Release|x86.Build.0 = Release|Win32
	EndGlobalSection
	GlobalSection(SolutionProperties) = preSolution
		HideSolutionNode = FALSE
	EndGlobalSection
	GlobalSection(ExtensibilityGlobals) = postSolution
		SolutionGuid = {06F12EEF-25AC-4EEC-9F1B-7DD4BD38ECB1}
	EndGlobalSection
EndGlobal
